{
  "version": 4,
  "terraform_version": "1.4.6",
  "serial": 3,
  "lineage": "4585f560-9ced-4f41-0203-ac85e5e83efe",
  "outputs": {
    "kubernetes_cluster_host": {
      "value": "34.67.45.67",
      "type": "string"
    },
    "kubernetes_cluster_name": {
      "value": "testing-gke-385014-cluster",
      "type": "string"
    },
    "project_id": {
      "value": "testing-gke-385014",
      "type": "string"
    },
    "region": {
      "value": "us-central1-c",
      "type": "string"
    }
  },
  "resources": [
    {
      "mode": "managed",
      "type": "google_container_cluster",
      "name": "primary",
      "provider": "provider[\"registry.terraform.io/hashicorp/google\"]",
      "instances": [
        {
          "schema_version": 1,
          "attributes": {
            "addons_config": [
              {
                "cloudrun_config": [],
                "gcp_filestore_csi_driver_config": [],
                "horizontal_pod_autoscaling": [],
                "http_load_balancing": [],
                "network_policy_config": [
                  {
                    "disabled": true
                  }
                ]
              }
            ],
            "authenticator_groups_config": [],
            "cluster_autoscaling": [
              {
                "auto_provisioning_defaults": [],
                "enabled": false,
                "resource_limits": []
              }
            ],
            "cluster_ipv4_cidr": "10.0.0.0/14",
            "confidential_nodes": [],
            "database_encryption": [
              {
                "key_name": "",
                "state": "DECRYPTED"
              }
            ],
            "datapath_provider": "",
            "default_max_pods_per_node": null,
            "default_snat_status": [
              {
                "disabled": false
              }
            ],
            "description": "",
            "dns_config": [],
            "enable_autopilot": false,
            "enable_binary_authorization": false,
            "enable_intranode_visibility": false,
            "enable_kubernetes_alpha": false,
            "enable_legacy_abac": false,
            "enable_shielded_nodes": true,
            "enable_tpu": false,
            "endpoint": "34.67.45.67",
            "id": "projects/testing-gke-385014/locations/us-central1-c/clusters/testing-gke-385014-cluster",
            "initial_node_count": 1,
            "ip_allocation_policy": [],
            "label_fingerprint": "a9dc16a7",
            "location": "us-central1-c",
            "logging_config": [
              {
                "enable_components": [
                  "SYSTEM_COMPONENTS",
                  "WORKLOADS"
                ]
              }
            ],
            "logging_service": "logging.googleapis.com/kubernetes",
            "maintenance_policy": [],
            "master_auth": [
              {
                "client_certificate": "",
                "client_certificate_config": [
                  {
                    "issue_client_certificate": false
                  }
                ],
                "client_key": "",
                "cluster_ca_certificate": "LS0tLS1CRUdJTiBDRVJUSUZJQ0FURS0tLS0tCk1JSUVMVENDQXBXZ0F3SUJBZ0lSQU1qak1zTFFOSFFDOHpvVjJzMEtRbEF3RFFZSktvWklodmNOQVFFTEJRQXcKTHpFdE1Dc0dBMVVFQXhNa1pXTmxNR1l4TnpFdFptTmxPUzAwTjJKa0xXSTRPR0l0TUdKaFpEZ3haRFV4WWpFNApNQ0FYRFRJek1EUXlPREEyTkRVd05sb1lEekl3TlRNd05ESXdNRGMwTlRBMldqQXZNUzB3S3dZRFZRUURFeVJsClkyVXdaakUzTVMxbVkyVTVMVFEzWW1RdFlqZzRZaTB3WW1Ga09ERmtOVEZpTVRnd2dnR2lNQTBHQ1NxR1NJYjMKRFFFQkFRVUFBNElCandBd2dnR0tBb0lCZ1FEVTlPRWVZY3BoNFpiMEJKYzRGS2d3ZmhZN0F6dDZUSGYzekYwNQpHNGZBTmtFVHZ3d3dsQlFhVlN4bk1hSXl0VFhtNzlOWlpnWUJWTWpzbkpGSmNxNWZPVHVpYkJyY0NDdklqWXU2ClpZVnRwSno5ejdlSmZLZnpJRFNjNk1Eb0ppdEc4WkRUVTdtb21lRHMwYzBraml2OGFhcTBlRjlaOHkvQmJGSkoKb3M1Wm83K2dPRkdLeXFadzZQRGdkSStzdGRWV2VWVWVNYmNtZXE5OFZyemM1T1pwcE9DSVIrYS9GcHM2NUhXZgpoK3NnWkdDMnRNNGFJVXJwRXVkSlB0dlhrY2dnRHZvY0UxdXBXV29TVWw4NG5ZbVljTmQ3N09BYUUzTWlPTWZkCkJRUnppTWNBUzluY21XY0txWEdqMFRnYnZqWlRGVVNuV24wWlVhdWZWd0EvRW9PTUhHRmRKYmdVVWh1cUlpWXMKK0VmNklGK3lPa3o5WjFNd0lvZ0RHY2VBT2lZN1dZM3duelBIK09BWjVWNXFsQW1iTDVnVldNd3had3NzSkFtSwphUlN4dncvRjJIKy8rYnpMT2lpZ1kwclRkNThlcHRjdGo2aWFKTlRsVldHTkN0a1lRWVdvRzdiN2U0Rzc4bUtjClNtb0luUVRhcVBPQTVoV2Z1TzRTMHVBZnI4OENBd0VBQWFOQ01FQXdEZ1lEVlIwUEFRSC9CQVFEQWdJRU1BOEcKQTFVZEV3RUIvd1FGTUFNQkFmOHdIUVlEVlIwT0JCWUVGQWs5ZVNJVnYyclY4VGdIODZKSXFSSzV6WHZXTUEwRwpDU3FHU0liM0RRRUJDd1VBQTRJQmdRQngxbTZXQUhQRXk0aGZMZ3JmQ0MzdEJSaHJXcEt3WFJFT2ttU1FNUlRiCkg5QktWb0thQ2lhZW5HaGlVV0NHNW1lYmFTK2FNb2ZUUmVCalV5UkhNdmZndXllUFp1L2k4R1JiRVFYaElweGUKSjcrZ0RFdExpSFNONEdMTWYxUGl4NnMxVlBjK1RlWDVqM3dhUnBhQ0VjcW5zNmJEMHZRdG9sVU55SGI5Slp6NwpOaTJqdEYrK1BKeVlNdWVlQ1pxeXUvd3ZaZkFYNGNHcDhnenQyZU5WVkthN01udGRCYmZOYmNFUmZEQlhQdGxmCk5xc001eU82cFRPWUlwbHpGaUYvRW43OUZjTytCUUJVSkt6ZDBjaldHTmhOc1J2NzBiRWI1elh1elhqSkI4RFQKL2Y0bTFTQTdaVnpyYjhzSk9KZUZSM0dzU2NiVTdKK0Z3Ti94S3FBMmNDekRZcW40b053M1E4eWpLRzJzOTFGcQprY0sxZ2U5elJLekdIQkVaZ2VjR2ZBdlVOaU1tS2hQdEt3WUdPbEFUbXhxV0Jsc3FZMnhiekpjM2pLa0ZBK2NECkUxekdFMXJEVDJVYWNDbUdNZ21GMWZhVFh5UE9KcWlzdHVicW91cEYwb1ZGYkkrWjA1SUlUY0hLNkI3d25seEEKVVNRU09BV3NTWTZsQ2tzelk4eGZ6TTg9Ci0tLS0tRU5EIENFUlRJRklDQVRFLS0tLS0K"
              }
            ],
            "master_authorized_networks_config": [],
            "master_version": "1.25.7-gke.1000",
            "min_master_version": null,
            "monitoring_config": [
              {
                "enable_components": [
                  "SYSTEM_COMPONENTS"
                ]
              }
            ],
            "monitoring_service": "monitoring.googleapis.com/kubernetes",
            "name": "testing-gke-385014-cluster",
            "network": "projects/testing-gke-385014/global/networks/default",
            "network_policy": [
              {
                "enabled": false,
                "provider": "PROVIDER_UNSPECIFIED"
              }
            ],
            "networking_mode": "ROUTES",
            "node_config": [],
            "node_locations": [],
            "node_pool": [],
            "node_version": "1.25.7-gke.1000",
            "operation": null,
            "private_cluster_config": [
              {
                "enable_private_endpoint": false,
                "enable_private_nodes": false,
                "master_global_access_config": [
                  {
                    "enabled": false
                  }
                ],
                "master_ipv4_cidr_block": "",
                "peering_name": "",
                "private_endpoint": "10.128.0.10",
                "public_endpoint": "34.67.45.67"
              }
            ],
            "private_ipv6_google_access": "",
            "project": "testing-gke-385014",
            "release_channel": [
              {
                "channel": "REGULAR"
              }
            ],
            "remove_default_node_pool": true,
            "resource_labels": null,
            "resource_usage_export_config": [],
            "self_link": "https://container.googleapis.com/v1/projects/testing-gke-385014/zones/us-central1-c/clusters/testing-gke-385014-cluster",
            "services_ipv4_cidr": "10.3.240.0/20",
            "subnetwork": "projects/testing-gke-385014/regions/us-central1/subnetworks/default",
            "timeouts": null,
            "tpu_ipv4_cidr_block": "",
            "vertical_pod_autoscaling": [],
            "workload_identity_config": []
          },
          "sensitive_attributes": [],
          "private": "eyJlMmJmYjczMC1lY2FhLTExZTYtOGY4OC0zNDM2M2JjN2M0YzAiOnsiY3JlYXRlIjoyNDAwMDAwMDAwMDAwLCJkZWxldGUiOjI0MDAwMDAwMDAwMDAsInJlYWQiOjI0MDAwMDAwMDAwMDAsInVwZGF0ZSI6MzYwMDAwMDAwMDAwMH0sInNjaGVtYV92ZXJzaW9uIjoiMSJ9"
        }
      ]
    },
    {
      "mode": "managed",
      "type": "google_container_node_pool",
      "name": "primary_nodes",
      "provider": "provider[\"registry.terraform.io/hashicorp/google\"]",
      "instances": [
        {
          "schema_version": 1,
          "attributes": {
            "autoscaling": [],
            "cluster": "testing-gke-385014-cluster",
            "id": "projects/testing-gke-385014/locations/us-central1-c/clusters/testing-gke-385014-cluster/nodePools/testing-gke-385014-cluster",
            "initial_node_count": 2,
            "instance_group_urls": [
              "https://www.googleapis.com/compute/v1/projects/testing-gke-385014/zones/us-central1-c/instanceGroupManagers/gke-testing-gke-3850-testing-gke-3850-bb3d4eb6-grp"
            ],
            "location": "us-central1-c",
            "managed_instance_group_urls": [
              "https://www.googleapis.com/compute/v1/projects/testing-gke-385014/zones/us-central1-c/instanceGroups/gke-testing-gke-3850-testing-gke-3850-bb3d4eb6-grp"
            ],
            "management": [
              {
                "auto_repair": true,
                "auto_upgrade": true
              }
            ],
            "max_pods_per_node": null,
            "name": "testing-gke-385014-cluster",
            "name_prefix": "",
            "node_config": [
              {
                "boot_disk_kms_key": "",
                "disk_size_gb": 100,
                "disk_type": "pd-balanced",
                "gcfs_config": [],
                "guest_accelerator": [],
                "gvnic": [],
                "image_type": "COS_CONTAINERD",
                "labels": {
                  "env": "testing-gke-385014"
                },
                "local_ssd_count": 0,
                "machine_type": "n1-standard-1",
                "metadata": {
                  "disable-legacy-endpoints": "true"
                },
                "min_cpu_platform": "",
                "node_group": "",
                "oauth_scopes": [
                  "https://www.googleapis.com/auth/logging.write",
                  "https://www.googleapis.com/auth/monitoring"
                ],
                "preemptible": false,
                "service_account": "default",
                "shielded_instance_config": [
                  {
                    "enable_integrity_monitoring": true,
                    "enable_secure_boot": false
                  }
                ],
                "spot": false,
                "tags": [
                  "gke-node",
                  "testing-gke-385014-gke"
                ],
                "taint": [],
                "workload_metadata_config": []
              }
            ],
            "node_count": 2,
            "node_locations": [
              "us-central1-c"
            ],
            "operation": null,
            "project": "testing-gke-385014",
            "timeouts": null,
            "upgrade_settings": [
              {
                "max_surge": 1,
                "max_unavailable": 0
              }
            ],
            "version": "1.25.7-gke.1000"
          },
          "sensitive_attributes": [],
          "private": "eyJlMmJmYjczMC1lY2FhLTExZTYtOGY4OC0zNDM2M2JjN2M0YzAiOnsiY3JlYXRlIjoxODAwMDAwMDAwMDAwLCJkZWxldGUiOjE4MDAwMDAwMDAwMDAsInVwZGF0ZSI6MTgwMDAwMDAwMDAwMH0sInNjaGVtYV92ZXJzaW9uIjoiMSJ9",
          "dependencies": [
            "google_container_cluster.primary"
          ]
        }
      ]
    }
  ],
  "check_results": null
}
