{
  "version": 4,
  "terraform_version": "1.4.6",
  "serial": 5,
  "lineage": "7d7454de-2e62-3161-f1a5-80b17f099150",
  "outputs": {
    "kubernetes_cluster_host": {
      "value": "34.67.244.167",
      "type": "string"
    },
    "kubernetes_cluster_name": {
      "value": "testing-gke-385014-gke",
      "type": "string"
    },
    "project_id": {
      "value": "testing-gke-385014",
      "type": "string"
    },
    "region": {
      "value": "us-central1-c",
      "type": "string"
    }
  },
  "resources": [
    {
      "mode": "managed",
      "type": "google_container_cluster",
      "name": "primary",
      "provider": "provider[\"registry.terraform.io/hashicorp/google\"]",
      "instances": [
        {
          "schema_version": 1,
          "attributes": {
            "addons_config": [
              {
                "cloudrun_config": [],
                "gcp_filestore_csi_driver_config": [],
                "horizontal_pod_autoscaling": [],
                "http_load_balancing": [],
                "network_policy_config": [
                  {
                    "disabled": true
                  }
                ]
              }
            ],
            "authenticator_groups_config": [],
            "cluster_autoscaling": [
              {
                "auto_provisioning_defaults": [],
                "enabled": false,
                "resource_limits": []
              }
            ],
            "cluster_ipv4_cidr": "10.0.0.0/14",
            "confidential_nodes": [],
            "database_encryption": [
              {
                "key_name": "",
                "state": "DECRYPTED"
              }
            ],
            "datapath_provider": "",
            "default_max_pods_per_node": null,
            "default_snat_status": [
              {
                "disabled": false
              }
            ],
            "description": "",
            "dns_config": [],
            "enable_autopilot": false,
            "enable_binary_authorization": false,
            "enable_intranode_visibility": false,
            "enable_kubernetes_alpha": false,
            "enable_legacy_abac": false,
            "enable_shielded_nodes": true,
            "enable_tpu": false,
            "endpoint": "34.67.244.167",
            "id": "projects/testing-gke-385014/locations/us-central1-c/clusters/testing-gke-385014-gke",
            "initial_node_count": 1,
            "ip_allocation_policy": [],
            "label_fingerprint": "a9dc16a7",
            "location": "us-central1-c",
            "logging_config": [
              {
                "enable_components": [
                  "SYSTEM_COMPONENTS",
                  "WORKLOADS"
                ]
              }
            ],
            "logging_service": "logging.googleapis.com/kubernetes",
            "maintenance_policy": [],
            "master_auth": [
              {
                "client_certificate": "",
                "client_certificate_config": [
                  {
                    "issue_client_certificate": false
                  }
                ],
                "client_key": "",
                "cluster_ca_certificate": "LS0tLS1CRUdJTiBDRVJUSUZJQ0FURS0tLS0tCk1JSUVMRENDQXBTZ0F3SUJBZ0lRQVlyeTNhcjlhdEtHL3prUlBlUXo5akFOQmdrcWhraUc5dzBCQVFzRkFEQXYKTVMwd0t3WURWUVFERXlRMVlqY3pZemhsWmkwNFptWmtMVFF3WTJJdFlUTTVZUzB4TmpNeE9EUXhOV0UwTnpFdwpJQmNOTWpNd05ESTRNRFl6TlRNeFdoZ1BNakExTXpBME1qQXdOek0xTXpGYU1DOHhMVEFyQmdOVkJBTVRKRFZpCk56TmpPR1ZtTFRobVptUXROREJqWWkxaE16bGhMVEUyTXpFNE5ERTFZVFEzTVRDQ0FhSXdEUVlKS29aSWh2Y04KQVFFQkJRQURnZ0dQQURDQ0FZb0NnZ0dCQU5IbjNwKzhBZ25pV24rVjhKMnEzY3F4d1dhZ1piKzFDSzZHVEFIVgpRaStNMnBZUzhtT2U4S2ZPS09VOFNBOGZXdUt4NllnbCtQQ3lMVHNPdXVrcUtvZjdTc0V1VmFuZk9SVmVJcUF6ClMwaVNlZWJVT1I3eEViMkVWUzlkK0VraGV5WTZ1bEgrM0JBZ1ZiVS92aUhRalpZTlhmY3VqeklLbEFaTzVjUXoKOStmY2ZabE55Vm9FbWdCZnlXY1BqNEpESm5RY1d0QUZsb0pEQjIzOWlEM3p6N1RySXVITzhGNktWazBqV2l6aQpnb21YNDJVUzkwNnpWdFV5djlrMkphZXE5VVY1R1lOQnV4RXl2VjFMVmFpVUpQcTZlYXV0QU5qcmdMTWJMOEdzCit6bVVEMzArNitaWUxLdFdNbEZwaThybGZtUmQ2dFM2NUxWeFpvUHJqZWg4d2tMYnFOU0haUFVkL0FEdDBSS0QKZVBraVZQa2JKM0NTMzhrc2NzQ20wOU1Ic2RkTGp2SGhmRzB6NEhNOXViQ1FmMDdjblg2OUtGQnVFVGVNLzlZNQpPUEh2Tll3N1BWK3dnTUE3ci9lRTk4SDJmZnN0eEh5RS9PSmVLMjRVRUdqRWs1WVY0aVZUbWc0K2JQZDJlWjd6Ck9kVTd0c2x1KzdxMFBwbnIzZEt2R2NmWkR3SURBUUFCbzBJd1FEQU9CZ05WSFE4QkFmOEVCQU1DQWdRd0R3WUQKVlIwVEFRSC9CQVV3QXdFQi96QWRCZ05WSFE0RUZnUVVTcU9FSlJzSnd2c1lEdUY4cnc4VDVGQVFQU0F3RFFZSgpLb1pJaHZjTkFRRUxCUUFEZ2dHQkFKSk5FbHdwQzRzdk1MVVloUWE4MVl5Mm9RM3dUcVlXdytyaUhjcVAxR1hJCmpBOEFOeFJ6ZzZha09OKzdjMXgvSHBnUVNQUVY4S1orbm41Y0xneUpFQnpiOFpLMldHSm01ZnpKYk9lNlRkZFkKQ0pjZzVmVE05SHYzM3d3cGFIWHJMUWxGQkkyZm1ubVN6MWU2T3dsLzJydHZ2UHpZS3R2cm41L3hXY2FJeWtJYQpmSXFqdHhZNVFqTjRLOTF3Mm0zb1dsaGxjY2NIQ3kxK2c2dlNFNEV0cUxJWHdMU3l5SDRIZGlVQzZiYXJTRTFlCjlRU0R4bjQ5am1BVzMrbHZsRkYxYVUvK24rNWtPOThMYXo1b2lmRERscHZHUDJEcnhlaVM4dDNteW83WlBFSy8KWXpWeUplbVRGYWNxMmFrUGVuV1lzRW9FR2hFN1BFZlZuU0RhQjE4dFZ6MDBaNWN1cXZVYytsVjZsZGRhK1NPYgp5QUlqQXdURVdybUZOL2JkODFTbXJ2ejQxY0wwTndSR1hBK3pHR2owdTAwU3ZmWDRsalJSMWZJZ2twZW5mNk1MCm5ZWmlHZXpzczJBclBnYWVoOXA3VHNLTFdMeTN0Uy9pZnNTYzVaUVhjbVlPTTNUR2k4U0xhYnpZL2hZbExGeWYKSXN4ZDN2ZVdOZzJqVEZZKzNrMVJjdz09Ci0tLS0tRU5EIENFUlRJRklDQVRFLS0tLS0K"
              }
            ],
            "master_authorized_networks_config": [],
            "master_version": "1.25.7-gke.1000",
            "min_master_version": null,
            "monitoring_config": [
              {
                "enable_components": [
                  "SYSTEM_COMPONENTS"
                ]
              }
            ],
            "monitoring_service": "monitoring.googleapis.com/kubernetes",
            "name": "testing-gke-385014-gke",
            "network": "projects/testing-gke-385014/global/networks/default",
            "network_policy": [
              {
                "enabled": false,
                "provider": "PROVIDER_UNSPECIFIED"
              }
            ],
            "networking_mode": "ROUTES",
            "node_config": [],
            "node_locations": [],
            "node_pool": [],
            "node_version": "1.25.7-gke.1000",
            "operation": null,
            "private_cluster_config": [
              {
                "enable_private_endpoint": false,
                "enable_private_nodes": false,
                "master_global_access_config": [
                  {
                    "enabled": false
                  }
                ],
                "master_ipv4_cidr_block": "",
                "peering_name": "",
                "private_endpoint": "10.128.0.8",
                "public_endpoint": "34.67.244.167"
              }
            ],
            "private_ipv6_google_access": "",
            "project": "testing-gke-385014",
            "release_channel": [
              {
                "channel": "REGULAR"
              }
            ],
            "remove_default_node_pool": true,
            "resource_labels": {},
            "resource_usage_export_config": [],
            "self_link": "https://container.googleapis.com/v1/projects/testing-gke-385014/zones/us-central1-c/clusters/testing-gke-385014-gke",
            "services_ipv4_cidr": "10.3.240.0/20",
            "subnetwork": "projects/testing-gke-385014/regions/us-central1/subnetworks/default",
            "timeouts": null,
            "tpu_ipv4_cidr_block": "",
            "vertical_pod_autoscaling": [],
            "workload_identity_config": []
          },
          "sensitive_attributes": [],
          "private": "eyJlMmJmYjczMC1lY2FhLTExZTYtOGY4OC0zNDM2M2JjN2M0YzAiOnsiY3JlYXRlIjoyNDAwMDAwMDAwMDAwLCJkZWxldGUiOjI0MDAwMDAwMDAwMDAsInJlYWQiOjI0MDAwMDAwMDAwMDAsInVwZGF0ZSI6MzYwMDAwMDAwMDAwMH0sInNjaGVtYV92ZXJzaW9uIjoiMSJ9"
        }
      ]
    }
  ],
  "check_results": null
}
